
Microsoft Visual Studio Solution File, Format Version 12.00
# Visual Studio Version 16
VisualStudioVersion = 16.0.30011.22
MinimumVisualStudioVersion = 10.0.40219.1
Project("{FAE04EC0-301F-11D3-BF4B-00C04F79EFBC}") = "OSRegister", "OSRegister\OSRegister.csproj", "{F21D92BA-5436-4347-A83C-57DAC3FD0B38}"
EndProject
Global
	GlobalSection(SolutionConfigurationPlatforms) = preSolution
		Debug|Any CPU = Debug|Any CPU
		Release|Any CPU = Release|Any CPU
	EndGlobalSection
	GlobalSection(ProjectConfigurationPlatforms) = postSolution
		{F21D92BA-5436-4347-A83C-57DAC3FD0B38}.Debug|Any CPU.ActiveCfg = Debug|Any CPU
		{F21D92BA-5436-4347-A83C-57DAC3FD0B38}.Debug|Any CPU.Build.0 = Debug|Any CPU
		{F21D92BA-5436-4347-A83C-57DAC3FD0B38}.Release|Any CPU.ActiveCfg = Release|Any CPU
		{F21D92BA-5436-4347-A83C-57DAC3FD0B38}.Release|Any CPU.Build.0 = Release|Any CPU
	EndGlobalSection
	GlobalSection(SolutionProperties) = preSolution
		HideSolutionNode = FALSE
	EndGlobalSection
	GlobalSection(ExtensibilityGlobals) = postSolution
		SolutionGuid = {AFC14B18-2F5C-4241-A661-84412051835F}
	EndGlobalSection
EndGlobal
